
Microsoft Visual Studio Solution File, Format Version 12.00
# Visual Studio Version 17
VisualStudioVersion = 17.10.35004.147
MinimumVisualStudioVersion = 10.0.40219.1
Project("{9A19103F-16F7-4668-BE54-9A1E7A4F7556}") = "NepaliDateConverter", "NepaliDateConverter\NepaliDateConverter.csproj", "{09A4DA79-CB7F-4963-A075-CE61E38AA81A}"
EndProject
Project("{9A19103F-16F7-4668-BE54-9A1E7A4F7556}") = "NepaliDateConverter.Tests", "NepaliDateConverter.Tests\NepaliDateConverter.Tests.csproj", "{9632C2B8-8B1C-4974-921B-317EBDD439A2}"
EndProject
Global
	GlobalSection(SolutionConfigurationPlatforms) = preSolution
		Debug|Any CPU = Debug|Any CPU
		Release|Any CPU = Release|Any CPU
	EndGlobalSection
	GlobalSection(ProjectConfigurationPlatforms) = postSolution
		{09A4DA79-CB7F-4963-A075-CE61E38AA81A}.Debug|Any CPU.ActiveCfg = Debug|Any CPU
		{09A4DA79-CB7F-4963-A075-CE61E38AA81A}.Debug|Any CPU.Build.0 = Debug|Any CPU
		{09A4DA79-CB7F-4963-A075-CE61E38AA81A}.Release|Any CPU.ActiveCfg = Release|Any CPU
		{09A4DA79-CB7F-4963-A075-CE61E38AA81A}.Release|Any CPU.Build.0 = Release|Any CPU
		{9632C2B8-8B1C-4974-921B-317EBDD439A2}.Debug|Any CPU.ActiveCfg = Debug|Any CPU
		{9632C2B8-8B1C-4974-921B-317EBDD439A2}.Debug|Any CPU.Build.0 = Debug|Any CPU
		{9632C2B8-8B1C-4974-921B-317EBDD439A2}.Release|Any CPU.ActiveCfg = Release|Any CPU
		{9632C2B8-8B1C-4974-921B-317EBDD439A2}.Release|Any CPU.Build.0 = Release|Any CPU
	EndGlobalSection
	GlobalSection(SolutionProperties) = preSolution
		HideSolutionNode = FALSE
	EndGlobalSection
	GlobalSection(ExtensibilityGlobals) = postSolution
		SolutionGuid = {86448F9D-922F-4479-A4BE-E1F647728E96}
	EndGlobalSection
EndGlobal
